# @generated - this file is auto-generated by `mise lock` https://mise.jdx.dev/dev-tools/mise-lock.html

[[tools."aqua:fish-shell/fish-shell"]]
version = "4.5.0"
backend = "aqua:fish-shell/fish-shell"

[tools."aqua:fish-shell/fish-shell"."platforms.linux-arm64"]
checksum = "sha256:e99e3dd09ee31f40e3a12ea4410ebaf50006f26277ce5153189648baae5e141d"
url = "https://github.com/fish-shell/fish-shell/releases/download/4.5.0/fish-4.5.0-linux-aarch64.tar.xz"

[tools."aqua:fish-shell/fish-shell"."platforms.linux-arm64-musl"]
checksum = "sha256:e99e3dd09ee31f40e3a12ea4410ebaf50006f26277ce5153189648baae5e141d"
url = "https://github.com/fish-shell/fish-shell/releases/download/4.5.0/fish-4.5.0-linux-aarch64.tar.xz"

[tools."aqua:fish-shell/fish-shell"."platforms.linux-x64"]
checksum = "sha256:a78d17517a6772a616d214a63f163ba8281c70834b71eeae9d1a37267e9e46d3"
url = "https://github.com/fish-shell/fish-shell/releases/download/4.5.0/fish-4.5.0-linux-x86_64.tar.xz"

[tools."aqua:fish-shell/fish-shell"."platforms.linux-x64-baseline"]
checksum = "sha256:a78d17517a6772a616d214a63f163ba8281c70834b71eeae9d1a37267e9e46d3"
url = "https://github.com/fish-shell/fish-shell/releases/download/4.5.0/fish-4.5.0-linux-x86_64.tar.xz"

[tools."aqua:fish-shell/fish-shell"."platforms.linux-x64-musl"]
checksum = "sha256:a78d17517a6772a616d214a63f163ba8281c70834b71eeae9d1a37267e9e46d3"
url = "https://github.com/fish-shell/fish-shell/releases/download/4.5.0/fish-4.5.0-linux-x86_64.tar.xz"

[tools."aqua:fish-shell/fish-shell"."platforms.linux-x64-musl-baseline"]
checksum = "sha256:a78d17517a6772a616d214a63f163ba8281c70834b71eeae9d1a37267e9e46d3"
url = "https://github.com/fish-shell/fish-shell/releases/download/4.5.0/fish-4.5.0-linux-x86_64.tar.xz"

[tools."aqua:fish-shell/fish-shell"."platforms.macos-arm64"]
checksum = "sha256:c505f83de2ca91681f4ee595c128841eb3600363b7d0525674191ea1e86f5d94"
url = "https://github.com/fish-shell/fish-shell/releases/download/4.5.0/fish-4.5.0.pkg"

[tools."aqua:fish-shell/fish-shell"."platforms.macos-x64"]
checksum = "sha256:c505f83de2ca91681f4ee595c128841eb3600363b7d0525674191ea1e86f5d94"
url = "https://github.com/fish-shell/fish-shell/releases/download/4.5.0/fish-4.5.0.pkg"

[tools."aqua:fish-shell/fish-shell"."platforms.macos-x64-baseline"]
checksum = "sha256:c505f83de2ca91681f4ee595c128841eb3600363b7d0525674191ea1e86f5d94"
url = "https://github.com/fish-shell/fish-shell/releases/download/4.5.0/fish-4.5.0.pkg"

[[tools.bun]]
version = "1.3.10"
backend = "core:bun"

[tools.bun."platforms.linux-arm64"]
checksum = "sha256:fa5ecb25cafa8e8f5c87a0f833719d46dd0af0a86c7837d806531212d55636d3"
url = "https://github.com/oven-sh/bun/releases/download/bun-v1.3.10/bun-linux-aarch64.zip"

[tools.bun."platforms.linux-arm64-musl"]
checksum = "sha256:d2c81365a2e529b78a42330d3a0056e8dbd7896b4a6782c8e392b6532141e34d"
url = "https://github.com/oven-sh/bun/releases/download/bun-v1.3.10/bun-linux-aarch64-musl.zip"

[tools.bun."platforms.linux-x64"]
checksum = "sha256:f57bc0187e39623de716ba3a389fda5486b2d7be7131a980ba54dc7b733d2e08"
url = "https://github.com/oven-sh/bun/releases/download/bun-v1.3.10/bun-linux-x64.zip"

[tools.bun."platforms.linux-x64-baseline"]
checksum = "sha256:41201a8c5ee74a9dcbb1ce25a1104f1f929838b57a845aa78d98379b0ce7cde2"
url = "https://github.com/oven-sh/bun/releases/download/bun-v1.3.10/bun-linux-x64-baseline.zip"

[tools.bun."platforms.linux-x64-musl"]
checksum = "sha256:48a6c32277d343db0148ce066336472ffd380358a4d26bb1329714742492d824"
url = "https://github.com/oven-sh/bun/releases/download/bun-v1.3.10/bun-linux-x64-musl.zip"

[tools.bun."platforms.linux-x64-musl-baseline"]
checksum = "sha256:a7bc4cdea1ef255a83adbf39c7aafcd30e09f2b8f74deec4b10ee318bc024d1f"
url = "https://github.com/oven-sh/bun/releases/download/bun-v1.3.10/bun-linux-x64-musl-baseline.zip"

[tools.bun."platforms.macos-arm64"]
checksum = "sha256:82034e87c9d9b4398ea619aee2eed5d2a68c8157e9a6ae2d1052d84d533ccd8d"
url = "https://github.com/oven-sh/bun/releases/download/bun-v1.3.10/bun-darwin-aarch64.zip"

[tools.bun."platforms.macos-x64"]
checksum = "sha256:c1d90bf6140f20e572c473065dc6b37a4b036349b5e9e4133779cc642ad94323"
url = "https://github.com/oven-sh/bun/releases/download/bun-v1.3.10/bun-darwin-x64.zip"

[tools.bun."platforms.macos-x64-baseline"]
checksum = "sha256:f9686c4e4e760db4cde77a0f1fad05e552648b9c9cbfa4f7fc9a7ec26b9f3267"
url = "https://github.com/oven-sh/bun/releases/download/bun-v1.3.10/bun-darwin-x64-baseline.zip"

[tools.bun."platforms.windows-x64"]
checksum = "sha256:7a77b3e245e2e26965c93089a4a1332e8a326d3364c89fae1d1fd99cdd3cd73d"
url = "https://github.com/oven-sh/bun/releases/download/bun-v1.3.10/bun-windows-x64.zip"

[tools.bun."platforms.windows-x64-baseline"]
checksum = "sha256:715709c69b176e20994533d3292bd0b7c32de9c0c5575b916746ec6b2aa38346"
url = "https://github.com/oven-sh/bun/releases/download/bun-v1.3.10/bun-windows-x64-baseline.zip"

[[tools.croc]]
version = "10.4.2"
backend = "aqua:schollz/croc"

[tools.croc."platforms.linux-arm64"]
checksum = "sha256:1e0d2ba854fa4e7cccd2d816e360356b91873fee3fe34677b9136a1a36513f29"
url = "https://github.com/schollz/croc/releases/download/v10.4.2/croc_v10.4.2_Linux-ARM64.tar.gz"

[tools.croc."platforms.linux-arm64-musl"]
checksum = "sha256:1e0d2ba854fa4e7cccd2d816e360356b91873fee3fe34677b9136a1a36513f29"
url = "https://github.com/schollz/croc/releases/download/v10.4.2/croc_v10.4.2_Linux-ARM64.tar.gz"

[tools.croc."platforms.linux-x64"]
checksum = "sha256:80c7db50b96dfda1849142a3738921e30b9e8b89923717310d974979bfbc2a83"
url = "https://github.com/schollz/croc/releases/download/v10.4.2/croc_v10.4.2_Linux-64bit.tar.gz"

[tools.croc."platforms.linux-x64-baseline"]
checksum = "sha256:80c7db50b96dfda1849142a3738921e30b9e8b89923717310d974979bfbc2a83"
url = "https://github.com/schollz/croc/releases/download/v10.4.2/croc_v10.4.2_Linux-64bit.tar.gz"

[tools.croc."platforms.linux-x64-musl"]
checksum = "sha256:80c7db50b96dfda1849142a3738921e30b9e8b89923717310d974979bfbc2a83"
url = "https://github.com/schollz/croc/releases/download/v10.4.2/croc_v10.4.2_Linux-64bit.tar.gz"

[tools.croc."platforms.linux-x64-musl-baseline"]
checksum = "sha256:80c7db50b96dfda1849142a3738921e30b9e8b89923717310d974979bfbc2a83"
url = "https://github.com/schollz/croc/releases/download/v10.4.2/croc_v10.4.2_Linux-64bit.tar.gz"

[tools.croc."platforms.macos-arm64"]
checksum = "sha256:d340f273575adcf92793e4eb2eb64c13227782c82a265616b0420d3858094144"
url = "https://github.com/schollz/croc/releases/download/v10.4.2/croc_v10.4.2_macOS-ARM64.tar.gz"

[tools.croc."platforms.macos-x64"]
checksum = "sha256:786af8c25939ba6131652568cb80e77bed0d317c41107bc90b19b0be2d5f4033"
url = "https://github.com/schollz/croc/releases/download/v10.4.2/croc_v10.4.2_macOS-64bit.tar.gz"

[tools.croc."platforms.macos-x64-baseline"]
checksum = "sha256:786af8c25939ba6131652568cb80e77bed0d317c41107bc90b19b0be2d5f4033"
url = "https://github.com/schollz/croc/releases/download/v10.4.2/croc_v10.4.2_macOS-64bit.tar.gz"

[tools.croc."platforms.windows-x64"]
checksum = "sha256:aac93803a887b0f10891f68f57edbf496c7d034d3cc721f9fc6cc193d0165386"
url = "https://github.com/schollz/croc/releases/download/v10.4.2/croc_v10.4.2_Windows-64bit.zip"

[tools.croc."platforms.windows-x64-baseline"]
checksum = "sha256:aac93803a887b0f10891f68f57edbf496c7d034d3cc721f9fc6cc193d0165386"
url = "https://github.com/schollz/croc/releases/download/v10.4.2/croc_v10.4.2_Windows-64bit.zip"

[[tools.dotenvx]]
version = "1.54.1"
backend = "aqua:dotenvx/dotenvx"

[tools.dotenvx."platforms.linux-arm64"]
checksum = "sha256:83d2b90f25524f846069ea8813a21c222e963b120315cf7d9f3c1b8ea084e9fe"
url = "https://github.com/dotenvx/dotenvx/releases/download/v1.54.1/dotenvx-1.54.1-linux-aarch64.tar.gz"

[tools.dotenvx."platforms.linux-arm64-musl"]
checksum = "sha256:83d2b90f25524f846069ea8813a21c222e963b120315cf7d9f3c1b8ea084e9fe"
url = "https://github.com/dotenvx/dotenvx/releases/download/v1.54.1/dotenvx-1.54.1-linux-aarch64.tar.gz"

[tools.dotenvx."platforms.linux-x64"]
checksum = "sha256:0f5343c4467d0b9f4a770801bebc92625f2999e1ea2aa3548c5cb145a1b3ed3a"
url = "https://github.com/dotenvx/dotenvx/releases/download/v1.54.1/dotenvx-1.54.1-linux-amd64.tar.gz"

[tools.dotenvx."platforms.linux-x64-baseline"]
checksum = "sha256:0f5343c4467d0b9f4a770801bebc92625f2999e1ea2aa3548c5cb145a1b3ed3a"
url = "https://github.com/dotenvx/dotenvx/releases/download/v1.54.1/dotenvx-1.54.1-linux-amd64.tar.gz"

[tools.dotenvx."platforms.linux-x64-musl"]
checksum = "sha256:0f5343c4467d0b9f4a770801bebc92625f2999e1ea2aa3548c5cb145a1b3ed3a"
url = "https://github.com/dotenvx/dotenvx/releases/download/v1.54.1/dotenvx-1.54.1-linux-amd64.tar.gz"

[tools.dotenvx."platforms.linux-x64-musl-baseline"]
checksum = "sha256:0f5343c4467d0b9f4a770801bebc92625f2999e1ea2aa3548c5cb145a1b3ed3a"
url = "https://github.com/dotenvx/dotenvx/releases/download/v1.54.1/dotenvx-1.54.1-linux-amd64.tar.gz"

[tools.dotenvx."platforms.macos-arm64"]
checksum = "sha256:f5bbaacf3800b6bb7a00362664e214cef5b75b084175f6f59562345faba36b8d"
url = "https://github.com/dotenvx/dotenvx/releases/download/v1.54.1/dotenvx-1.54.1-darwin-arm64.tar.gz"

[tools.dotenvx."platforms.macos-x64"]
checksum = "sha256:c9dca9749113388ada78dfd267d9a5bb99bbbbf034f6c4282ad4566d74c951b7"
url = "https://github.com/dotenvx/dotenvx/releases/download/v1.54.1/dotenvx-1.54.1-darwin-amd64.tar.gz"

[tools.dotenvx."platforms.macos-x64-baseline"]
checksum = "sha256:c9dca9749113388ada78dfd267d9a5bb99bbbbf034f6c4282ad4566d74c951b7"
url = "https://github.com/dotenvx/dotenvx/releases/download/v1.54.1/dotenvx-1.54.1-darwin-amd64.tar.gz"

[tools.dotenvx."platforms.windows-x64"]
checksum = "sha256:23175ca44f2eb42761d5af04ab8079a6ab0ededc3e19363a77dcd04686a3caff"
url = "https://github.com/dotenvx/dotenvx/releases/download/v1.54.1/dotenvx-1.54.1-windows-amd64.tar.gz"

[tools.dotenvx."platforms.windows-x64-baseline"]
checksum = "sha256:23175ca44f2eb42761d5af04ab8079a6ab0ededc3e19363a77dcd04686a3caff"
url = "https://github.com/dotenvx/dotenvx/releases/download/v1.54.1/dotenvx-1.54.1-windows-amd64.tar.gz"

[[tools.lazygit]]
version = "0.60.0"
backend = "aqua:jesseduffield/lazygit"

[tools.lazygit."platforms.linux-arm64"]
checksum = "sha256:2c699579165416eede4d2cfaf7d76ccd8f3b20f20f2e8b4abff6b5a6350fcdd7"
url = "https://github.com/jesseduffield/lazygit/releases/download/v0.60.0/lazygit_0.60.0_linux_arm64.tar.gz"

[tools.lazygit."platforms.linux-arm64-musl"]
checksum = "sha256:2c699579165416eede4d2cfaf7d76ccd8f3b20f20f2e8b4abff6b5a6350fcdd7"
url = "https://github.com/jesseduffield/lazygit/releases/download/v0.60.0/lazygit_0.60.0_linux_arm64.tar.gz"

[tools.lazygit."platforms.linux-x64"]
checksum = "sha256:6252ca6cf98bc4fd3e0d927b54225910cfa57b065d0ad88263f14592f7f9ab15"
url = "https://github.com/jesseduffield/lazygit/releases/download/v0.60.0/lazygit_0.60.0_linux_x86_64.tar.gz"

[tools.lazygit."platforms.linux-x64-baseline"]
checksum = "sha256:6252ca6cf98bc4fd3e0d927b54225910cfa57b065d0ad88263f14592f7f9ab15"
url = "https://github.com/jesseduffield/lazygit/releases/download/v0.60.0/lazygit_0.60.0_linux_x86_64.tar.gz"

[tools.lazygit."platforms.linux-x64-musl"]
checksum = "sha256:6252ca6cf98bc4fd3e0d927b54225910cfa57b065d0ad88263f14592f7f9ab15"
url = "https://github.com/jesseduffield/lazygit/releases/download/v0.60.0/lazygit_0.60.0_linux_x86_64.tar.gz"

[tools.lazygit."platforms.linux-x64-musl-baseline"]
checksum = "sha256:6252ca6cf98bc4fd3e0d927b54225910cfa57b065d0ad88263f14592f7f9ab15"
url = "https://github.com/jesseduffield/lazygit/releases/download/v0.60.0/lazygit_0.60.0_linux_x86_64.tar.gz"

[tools.lazygit."platforms.macos-arm64"]
checksum = "sha256:5045f0ff2117f12cb5232d65e01c054eb9ea6b8e2f0f0b80e99fbaa589b581b9"
url = "https://github.com/jesseduffield/lazygit/releases/download/v0.60.0/lazygit_0.60.0_darwin_arm64.tar.gz"

[tools.lazygit."platforms.macos-x64"]
checksum = "sha256:9210a8bd8bf18537f9d7747361c8eba62518e10e4d5fbfe915cf110635eaab78"
url = "https://github.com/jesseduffield/lazygit/releases/download/v0.60.0/lazygit_0.60.0_darwin_x86_64.tar.gz"

[tools.lazygit."platforms.macos-x64-baseline"]
checksum = "sha256:9210a8bd8bf18537f9d7747361c8eba62518e10e4d5fbfe915cf110635eaab78"
url = "https://github.com/jesseduffield/lazygit/releases/download/v0.60.0/lazygit_0.60.0_darwin_x86_64.tar.gz"

[tools.lazygit."platforms.windows-x64"]
checksum = "sha256:435b53165ff4604e201549b9317eb0b8bb5b3f6728be612656988e90c821a9b9"
url = "https://github.com/jesseduffield/lazygit/releases/download/v0.60.0/lazygit_0.60.0_windows_x86_64.zip"

[tools.lazygit."platforms.windows-x64-baseline"]
checksum = "sha256:435b53165ff4604e201549b9317eb0b8bb5b3f6728be612656988e90c821a9b9"
url = "https://github.com/jesseduffield/lazygit/releases/download/v0.60.0/lazygit_0.60.0_windows_x86_64.zip"

[[tools.neovim]]
version = "0.11.6"
backend = "vfox:mise-plugins/vfox-neovim"

[tools.neovim."platforms.linux-arm64"]
url = "https://github.com/neovim/neovim/releases/download/v0.11.6/nvim-linux-arm64.tar.gz"

[tools.neovim."platforms.linux-arm64-musl"]
url = "https://github.com/neovim/neovim/releases/download/v0.11.6/nvim-linux-arm64.tar.gz"

[tools.neovim."platforms.linux-x64"]
url = "https://github.com/neovim/neovim/releases/download/v0.11.6/nvim-linux-x86_64.tar.gz"

[tools.neovim."platforms.linux-x64-baseline"]
url = "https://github.com/neovim/neovim/releases/download/v0.11.6/nvim-linux-x86_64.tar.gz"

[tools.neovim."platforms.linux-x64-musl"]
url = "https://github.com/neovim/neovim/releases/download/v0.11.6/nvim-linux-x86_64.tar.gz"

[tools.neovim."platforms.linux-x64-musl-baseline"]
url = "https://github.com/neovim/neovim/releases/download/v0.11.6/nvim-linux-x86_64.tar.gz"

[tools.neovim."platforms.macos-arm64"]
url = "https://github.com/neovim/neovim/releases/download/v0.11.6/nvim-macos-arm64.tar.gz"

[tools.neovim."platforms.macos-x64"]
url = "https://github.com/neovim/neovim/releases/download/v0.11.6/nvim-macos-x86_64.tar.gz"

[tools.neovim."platforms.macos-x64-baseline"]
url = "https://github.com/neovim/neovim/releases/download/v0.11.6/nvim-macos-x86_64.tar.gz"

[tools.neovim."platforms.windows-x64"]
url = "https://github.com/neovim/neovim/releases/download/v0.11.6/nvim-win64.zip"

[tools.neovim."platforms.windows-x64-baseline"]
url = "https://github.com/neovim/neovim/releases/download/v0.11.6/nvim-win64.zip"

[[tools."npm:ocx"]]
version = "2.0.0"
backend = "npm:ocx"

[[tools.opencode]]
version = "1.2.24"
backend = "aqua:anomalyco/opencode"

[tools.opencode."platforms.linux-arm64"]
checksum = "sha256:58507b98c2902fd819b9d2639594eec4f36e5708f114ba028b1c3e877bb5e47d"
url = "https://github.com/anomalyco/opencode/releases/download/v1.2.24/opencode-linux-arm64.tar.gz"

[tools.opencode."platforms.linux-arm64-musl"]
checksum = "sha256:58507b98c2902fd819b9d2639594eec4f36e5708f114ba028b1c3e877bb5e47d"
url = "https://github.com/anomalyco/opencode/releases/download/v1.2.24/opencode-linux-arm64.tar.gz"

[tools.opencode."platforms.linux-x64"]
checksum = "sha256:20644ef6b85975f0b49c3ea131c8d49cdee854419b3b8cfb24476e01787a871e"
url = "https://github.com/anomalyco/opencode/releases/download/v1.2.24/opencode-linux-x64.tar.gz"

[tools.opencode."platforms.linux-x64-baseline"]
checksum = "sha256:20644ef6b85975f0b49c3ea131c8d49cdee854419b3b8cfb24476e01787a871e"
url = "https://github.com/anomalyco/opencode/releases/download/v1.2.24/opencode-linux-x64.tar.gz"

[tools.opencode."platforms.linux-x64-musl"]
checksum = "sha256:20644ef6b85975f0b49c3ea131c8d49cdee854419b3b8cfb24476e01787a871e"
url = "https://github.com/anomalyco/opencode/releases/download/v1.2.24/opencode-linux-x64.tar.gz"

[tools.opencode."platforms.linux-x64-musl-baseline"]
checksum = "sha256:20644ef6b85975f0b49c3ea131c8d49cdee854419b3b8cfb24476e01787a871e"
url = "https://github.com/anomalyco/opencode/releases/download/v1.2.24/opencode-linux-x64.tar.gz"

[tools.opencode."platforms.macos-arm64"]
checksum = "sha256:858467155943c1030815047cbda2fd5074d1ba9309a00e5dd4585a19b3c4896e"
url = "https://github.com/anomalyco/opencode/releases/download/v1.2.24/opencode-darwin-arm64.zip"

[tools.opencode."platforms.macos-x64"]
checksum = "sha256:4de4662d20a8834d8f93e45965ff5fabfbc0f69f15eb4bb33f0742eced54e203"
url = "https://github.com/anomalyco/opencode/releases/download/v1.2.24/opencode-darwin-x64.zip"

[tools.opencode."platforms.macos-x64-baseline"]
checksum = "sha256:4de4662d20a8834d8f93e45965ff5fabfbc0f69f15eb4bb33f0742eced54e203"
url = "https://github.com/anomalyco/opencode/releases/download/v1.2.24/opencode-darwin-x64.zip"

[tools.opencode."platforms.windows-x64"]
checksum = "sha256:654be595baed57b6ed7747cc8813f505d55daad84458fe1f744d592d937fa0d3"
url = "https://github.com/anomalyco/opencode/releases/download/v1.2.24/opencode-windows-x64.zip"

[tools.opencode."platforms.windows-x64-baseline"]
checksum = "sha256:654be595baed57b6ed7747cc8813f505d55daad84458fe1f744d592d937fa0d3"
url = "https://github.com/anomalyco/opencode/releases/download/v1.2.24/opencode-windows-x64.zip"
