[[tools."aqua:fish-shell/fish-shell"]]
version = "4.5.0"
backend = "aqua:fish-shell/fish-shell"
"platforms.linux-arm64" = { checksum = "sha256:e99e3dd09ee31f40e3a12ea4410ebaf50006f26277ce5153189648baae5e141d", url = "https://github.com/fish-shell/fish-shell/releases/download/4.5.0/fish-4.5.0-linux-aarch64.tar.xz"}
"platforms.linux-arm64-musl" = { checksum = "sha256:e99e3dd09ee31f40e3a12ea4410ebaf50006f26277ce5153189648baae5e141d", url = "https://github.com/fish-shell/fish-shell/releases/download/4.5.0/fish-4.5.0-linux-aarch64.tar.xz"}
"platforms.linux-x64" = { checksum = "sha256:a78d17517a6772a616d214a63f163ba8281c70834b71eeae9d1a37267e9e46d3", url = "https://github.com/fish-shell/fish-shell/releases/download/4.5.0/fish-4.5.0-linux-x86_64.tar.xz"}
"platforms.linux-x64-baseline" = { checksum = "sha256:a78d17517a6772a616d214a63f163ba8281c70834b71eeae9d1a37267e9e46d3", url = "https://github.com/fish-shell/fish-shell/releases/download/4.5.0/fish-4.5.0-linux-x86_64.tar.xz"}
"platforms.linux-x64-musl" = { checksum = "sha256:a78d17517a6772a616d214a63f163ba8281c70834b71eeae9d1a37267e9e46d3", url = "https://github.com/fish-shell/fish-shell/releases/download/4.5.0/fish-4.5.0-linux-x86_64.tar.xz"}
"platforms.linux-x64-musl-baseline" = { checksum = "sha256:a78d17517a6772a616d214a63f163ba8281c70834b71eeae9d1a37267e9e46d3", url = "https://github.com/fish-shell/fish-shell/releases/download/4.5.0/fish-4.5.0-linux-x86_64.tar.xz"}
"platforms.macos-arm64" = { checksum = "sha256:c505f83de2ca91681f4ee595c128841eb3600363b7d0525674191ea1e86f5d94", url = "https://github.com/fish-shell/fish-shell/releases/download/4.5.0/fish-4.5.0.pkg"}
"platforms.macos-x64" = { checksum = "sha256:c505f83de2ca91681f4ee595c128841eb3600363b7d0525674191ea1e86f5d94", url = "https://github.com/fish-shell/fish-shell/releases/download/4.5.0/fish-4.5.0.pkg"}
"platforms.macos-x64-baseline" = { checksum = "sha256:c505f83de2ca91681f4ee595c128841eb3600363b7d0525674191ea1e86f5d94", url = "https://github.com/fish-shell/fish-shell/releases/download/4.5.0/fish-4.5.0.pkg"}

[[tools.aws-cli]]
version = "2.34.9"
backend = "aqua:aws/aws-cli"
"platforms.linux-arm64" = { url = "https://awscli.amazonaws.com/awscli-exe-linux-aarch64-2.34.9.zip"}
"platforms.linux-arm64-musl" = { url = "https://awscli.amazonaws.com/awscli-exe-linux-aarch64-2.34.9.zip"}
"platforms.linux-x64" = { url = "https://awscli.amazonaws.com/awscli-exe-linux-x86_64-2.34.9.zip"}
"platforms.linux-x64-baseline" = { url = "https://awscli.amazonaws.com/awscli-exe-linux-x86_64-2.34.9.zip"}
"platforms.linux-x64-musl" = { url = "https://awscli.amazonaws.com/awscli-exe-linux-x86_64-2.34.9.zip"}
"platforms.linux-x64-musl-baseline" = { url = "https://awscli.amazonaws.com/awscli-exe-linux-x86_64-2.34.9.zip"}
"platforms.macos-arm64" = { checksum = "blake3:f58849c9ec094e9442e3d4e7f2d4b7d4821193f0deec90707ce962b4541836b5", url = "https://awscli.amazonaws.com/AWSCLIV2-2.34.9.pkg"}
"platforms.macos-x64" = { url = "https://awscli.amazonaws.com/AWSCLIV2-2.34.9.pkg"}
"platforms.macos-x64-baseline" = { url = "https://awscli.amazonaws.com/AWSCLIV2-2.34.9.pkg"}

[[tools.aws-vault]]
version = "7.9.10"
backend = "aqua:ByteNess/aws-vault"
"platforms.linux-arm64" = { checksum = "sha256:a274b7ee5295fbc50a560c5937281b49934a80d8aa300ffdc6e28188c211ed7f", url = "https://github.com/ByteNess/aws-vault/releases/download/v7.9.10/aws-vault-linux-arm64"}
"platforms.linux-arm64-musl" = { checksum = "sha256:a274b7ee5295fbc50a560c5937281b49934a80d8aa300ffdc6e28188c211ed7f", url = "https://github.com/ByteNess/aws-vault/releases/download/v7.9.10/aws-vault-linux-arm64"}
"platforms.linux-x64" = { checksum = "sha256:8327f5cf15b602afef82b45184f30aa619e305489f417305a8dceaf4e08e0e31", url = "https://github.com/ByteNess/aws-vault/releases/download/v7.9.10/aws-vault-linux-amd64"}
"platforms.linux-x64-baseline" = { checksum = "sha256:8327f5cf15b602afef82b45184f30aa619e305489f417305a8dceaf4e08e0e31", url = "https://github.com/ByteNess/aws-vault/releases/download/v7.9.10/aws-vault-linux-amd64"}
"platforms.linux-x64-musl" = { checksum = "sha256:8327f5cf15b602afef82b45184f30aa619e305489f417305a8dceaf4e08e0e31", url = "https://github.com/ByteNess/aws-vault/releases/download/v7.9.10/aws-vault-linux-amd64"}
"platforms.linux-x64-musl-baseline" = { checksum = "sha256:8327f5cf15b602afef82b45184f30aa619e305489f417305a8dceaf4e08e0e31", url = "https://github.com/ByteNess/aws-vault/releases/download/v7.9.10/aws-vault-linux-amd64"}
"platforms.macos-arm64" = { checksum = "sha256:cc59f2f31467865a37a3c63740cb5c4287cde99451509d427d0ba21e6a35677b", url = "https://github.com/ByteNess/aws-vault/releases/download/v7.9.10/aws-vault-darwin-arm64"}
"platforms.macos-x64" = { checksum = "sha256:dc8bd6479e5e596368d730de83836b2109bfe9af1adac9665fe32b6f4743d372", url = "https://github.com/ByteNess/aws-vault/releases/download/v7.9.10/aws-vault-darwin-amd64"}
"platforms.macos-x64-baseline" = { checksum = "sha256:dc8bd6479e5e596368d730de83836b2109bfe9af1adac9665fe32b6f4743d372", url = "https://github.com/ByteNess/aws-vault/releases/download/v7.9.10/aws-vault-darwin-amd64"}
"platforms.windows-x64" = { checksum = "sha256:676359aa47e018733d5a94de5b1cb9c62ce787b6b7875cc3ed05badc8f74df65", url = "https://github.com/ByteNess/aws-vault/releases/download/v7.9.10/aws-vault-windows-amd64.exe"}
"platforms.windows-x64-baseline" = { checksum = "sha256:676359aa47e018733d5a94de5b1cb9c62ce787b6b7875cc3ed05badc8f74df65", url = "https://github.com/ByteNess/aws-vault/releases/download/v7.9.10/aws-vault-windows-amd64.exe"}

[[tools.bun]]
version = "1.3.10"
backend = "core:bun"
"platforms.linux-arm64" = { checksum = "sha256:fa5ecb25cafa8e8f5c87a0f833719d46dd0af0a86c7837d806531212d55636d3", url = "https://github.com/oven-sh/bun/releases/download/bun-v1.3.10/bun-linux-aarch64.zip"}
"platforms.linux-arm64-musl" = { checksum = "sha256:d2c81365a2e529b78a42330d3a0056e8dbd7896b4a6782c8e392b6532141e34d", url = "https://github.com/oven-sh/bun/releases/download/bun-v1.3.10/bun-linux-aarch64-musl.zip"}
"platforms.linux-x64" = { checksum = "sha256:f57bc0187e39623de716ba3a389fda5486b2d7be7131a980ba54dc7b733d2e08", url = "https://github.com/oven-sh/bun/releases/download/bun-v1.3.10/bun-linux-x64.zip"}
"platforms.linux-x64-baseline" = { checksum = "sha256:41201a8c5ee74a9dcbb1ce25a1104f1f929838b57a845aa78d98379b0ce7cde2", url = "https://github.com/oven-sh/bun/releases/download/bun-v1.3.10/bun-linux-x64-baseline.zip"}
"platforms.linux-x64-musl" = { checksum = "sha256:48a6c32277d343db0148ce066336472ffd380358a4d26bb1329714742492d824", url = "https://github.com/oven-sh/bun/releases/download/bun-v1.3.10/bun-linux-x64-musl.zip"}
"platforms.linux-x64-musl-baseline" = { checksum = "sha256:a7bc4cdea1ef255a83adbf39c7aafcd30e09f2b8f74deec4b10ee318bc024d1f", url = "https://github.com/oven-sh/bun/releases/download/bun-v1.3.10/bun-linux-x64-musl-baseline.zip"}
"platforms.macos-arm64" = { checksum = "sha256:82034e87c9d9b4398ea619aee2eed5d2a68c8157e9a6ae2d1052d84d533ccd8d", url = "https://github.com/oven-sh/bun/releases/download/bun-v1.3.10/bun-darwin-aarch64.zip"}
"platforms.macos-x64" = { checksum = "sha256:c1d90bf6140f20e572c473065dc6b37a4b036349b5e9e4133779cc642ad94323", url = "https://github.com/oven-sh/bun/releases/download/bun-v1.3.10/bun-darwin-x64.zip"}
"platforms.macos-x64-baseline" = { checksum = "sha256:f9686c4e4e760db4cde77a0f1fad05e552648b9c9cbfa4f7fc9a7ec26b9f3267", url = "https://github.com/oven-sh/bun/releases/download/bun-v1.3.10/bun-darwin-x64-baseline.zip"}
"platforms.windows-x64" = { checksum = "sha256:7a77b3e245e2e26965c93089a4a1332e8a326d3364c89fae1d1fd99cdd3cd73d", url = "https://github.com/oven-sh/bun/releases/download/bun-v1.3.10/bun-windows-x64.zip"}
"platforms.windows-x64-baseline" = { checksum = "sha256:715709c69b176e20994533d3292bd0b7c32de9c0c5575b916746ec6b2aa38346", url = "https://github.com/oven-sh/bun/releases/download/bun-v1.3.10/bun-windows-x64-baseline.zip"}

[[tools.croc]]
version = "10.4.2"
backend = "aqua:schollz/croc"
"platforms.linux-arm64" = { checksum = "sha256:1e0d2ba854fa4e7cccd2d816e360356b91873fee3fe34677b9136a1a36513f29", url = "https://github.com/schollz/croc/releases/download/v10.4.2/croc_v10.4.2_Linux-ARM64.tar.gz"}
"platforms.linux-arm64-musl" = { checksum = "sha256:1e0d2ba854fa4e7cccd2d816e360356b91873fee3fe34677b9136a1a36513f29", url = "https://github.com/schollz/croc/releases/download/v10.4.2/croc_v10.4.2_Linux-ARM64.tar.gz"}
"platforms.linux-x64" = { checksum = "sha256:80c7db50b96dfda1849142a3738921e30b9e8b89923717310d974979bfbc2a83", url = "https://github.com/schollz/croc/releases/download/v10.4.2/croc_v10.4.2_Linux-64bit.tar.gz"}
"platforms.linux-x64-baseline" = { checksum = "sha256:80c7db50b96dfda1849142a3738921e30b9e8b89923717310d974979bfbc2a83", url = "https://github.com/schollz/croc/releases/download/v10.4.2/croc_v10.4.2_Linux-64bit.tar.gz"}
"platforms.linux-x64-musl" = { checksum = "sha256:80c7db50b96dfda1849142a3738921e30b9e8b89923717310d974979bfbc2a83", url = "https://github.com/schollz/croc/releases/download/v10.4.2/croc_v10.4.2_Linux-64bit.tar.gz"}
"platforms.linux-x64-musl-baseline" = { checksum = "sha256:80c7db50b96dfda1849142a3738921e30b9e8b89923717310d974979bfbc2a83", url = "https://github.com/schollz/croc/releases/download/v10.4.2/croc_v10.4.2_Linux-64bit.tar.gz"}
"platforms.macos-arm64" = { checksum = "sha256:d340f273575adcf92793e4eb2eb64c13227782c82a265616b0420d3858094144", url = "https://github.com/schollz/croc/releases/download/v10.4.2/croc_v10.4.2_macOS-ARM64.tar.gz"}
"platforms.macos-x64" = { checksum = "sha256:786af8c25939ba6131652568cb80e77bed0d317c41107bc90b19b0be2d5f4033", url = "https://github.com/schollz/croc/releases/download/v10.4.2/croc_v10.4.2_macOS-64bit.tar.gz"}
"platforms.macos-x64-baseline" = { checksum = "sha256:786af8c25939ba6131652568cb80e77bed0d317c41107bc90b19b0be2d5f4033", url = "https://github.com/schollz/croc/releases/download/v10.4.2/croc_v10.4.2_macOS-64bit.tar.gz"}
"platforms.windows-x64" = { checksum = "sha256:aac93803a887b0f10891f68f57edbf496c7d034d3cc721f9fc6cc193d0165386", url = "https://github.com/schollz/croc/releases/download/v10.4.2/croc_v10.4.2_Windows-64bit.zip"}
"platforms.windows-x64-baseline" = { checksum = "sha256:aac93803a887b0f10891f68f57edbf496c7d034d3cc721f9fc6cc193d0165386", url = "https://github.com/schollz/croc/releases/download/v10.4.2/croc_v10.4.2_Windows-64bit.zip"}

[[tools.dotenvx]]
version = "1.55.1"
backend = "aqua:dotenvx/dotenvx"
"platforms.linux-arm64" = { checksum = "sha256:69b870953a750424fe223d025bd63c9fad067d23b6fee65b88fbf93d524b02ba", url = "https://github.com/dotenvx/dotenvx/releases/download/v1.55.1/dotenvx-1.55.1-linux-aarch64.tar.gz"}
"platforms.linux-arm64-musl" = { checksum = "sha256:69b870953a750424fe223d025bd63c9fad067d23b6fee65b88fbf93d524b02ba", url = "https://github.com/dotenvx/dotenvx/releases/download/v1.55.1/dotenvx-1.55.1-linux-aarch64.tar.gz"}
"platforms.linux-x64" = { checksum = "sha256:041023db421226aa6a040e518c962908b080b387a7dd21268c22f47ec4773a4e", url = "https://github.com/dotenvx/dotenvx/releases/download/v1.55.1/dotenvx-1.55.1-linux-amd64.tar.gz"}
"platforms.linux-x64-baseline" = { checksum = "sha256:041023db421226aa6a040e518c962908b080b387a7dd21268c22f47ec4773a4e", url = "https://github.com/dotenvx/dotenvx/releases/download/v1.55.1/dotenvx-1.55.1-linux-amd64.tar.gz"}
"platforms.linux-x64-musl" = { checksum = "sha256:041023db421226aa6a040e518c962908b080b387a7dd21268c22f47ec4773a4e", url = "https://github.com/dotenvx/dotenvx/releases/download/v1.55.1/dotenvx-1.55.1-linux-amd64.tar.gz"}
"platforms.linux-x64-musl-baseline" = { checksum = "sha256:041023db421226aa6a040e518c962908b080b387a7dd21268c22f47ec4773a4e", url = "https://github.com/dotenvx/dotenvx/releases/download/v1.55.1/dotenvx-1.55.1-linux-amd64.tar.gz"}
"platforms.macos-arm64" = { checksum = "sha256:c495472cca9dd7de2345e326665fec711fffc49357b5efe48bf2bf9ed9fffb00", url = "https://github.com/dotenvx/dotenvx/releases/download/v1.55.1/dotenvx-1.55.1-darwin-arm64.tar.gz"}
"platforms.macos-x64" = { checksum = "sha256:8cbcfeec5f2c79bbd4e4a6a8fabd6079bdfcd7d94b5985d84cf126bc06c50d77", url = "https://github.com/dotenvx/dotenvx/releases/download/v1.55.1/dotenvx-1.55.1-darwin-amd64.tar.gz"}
"platforms.macos-x64-baseline" = { checksum = "sha256:8cbcfeec5f2c79bbd4e4a6a8fabd6079bdfcd7d94b5985d84cf126bc06c50d77", url = "https://github.com/dotenvx/dotenvx/releases/download/v1.55.1/dotenvx-1.55.1-darwin-amd64.tar.gz"}
"platforms.windows-x64" = { checksum = "sha256:51ee862c7f3579742b4d353d811eab217490141e0818609c56a9a618ca271ae3", url = "https://github.com/dotenvx/dotenvx/releases/download/v1.55.1/dotenvx-1.55.1-windows-amd64.tar.gz"}
"platforms.windows-x64-baseline" = { checksum = "sha256:51ee862c7f3579742b4d353d811eab217490141e0818609c56a9a618ca271ae3", url = "https://github.com/dotenvx/dotenvx/releases/download/v1.55.1/dotenvx-1.55.1-windows-amd64.tar.gz"}

[[tools.lazygit]]
version = "0.60.0"
backend = "aqua:jesseduffield/lazygit"
"platforms.linux-arm64" = { checksum = "sha256:2c699579165416eede4d2cfaf7d76ccd8f3b20f20f2e8b4abff6b5a6350fcdd7", url = "https://github.com/jesseduffield/lazygit/releases/download/v0.60.0/lazygit_0.60.0_linux_arm64.tar.gz"}
"platforms.linux-arm64-musl" = { checksum = "sha256:2c699579165416eede4d2cfaf7d76ccd8f3b20f20f2e8b4abff6b5a6350fcdd7", url = "https://github.com/jesseduffield/lazygit/releases/download/v0.60.0/lazygit_0.60.0_linux_arm64.tar.gz"}
"platforms.linux-x64" = { checksum = "sha256:6252ca6cf98bc4fd3e0d927b54225910cfa57b065d0ad88263f14592f7f9ab15", url = "https://github.com/jesseduffield/lazygit/releases/download/v0.60.0/lazygit_0.60.0_linux_x86_64.tar.gz"}
"platforms.linux-x64-baseline" = { checksum = "sha256:6252ca6cf98bc4fd3e0d927b54225910cfa57b065d0ad88263f14592f7f9ab15", url = "https://github.com/jesseduffield/lazygit/releases/download/v0.60.0/lazygit_0.60.0_linux_x86_64.tar.gz"}
"platforms.linux-x64-musl" = { checksum = "sha256:6252ca6cf98bc4fd3e0d927b54225910cfa57b065d0ad88263f14592f7f9ab15", url = "https://github.com/jesseduffield/lazygit/releases/download/v0.60.0/lazygit_0.60.0_linux_x86_64.tar.gz"}
"platforms.linux-x64-musl-baseline" = { checksum = "sha256:6252ca6cf98bc4fd3e0d927b54225910cfa57b065d0ad88263f14592f7f9ab15", url = "https://github.com/jesseduffield/lazygit/releases/download/v0.60.0/lazygit_0.60.0_linux_x86_64.tar.gz"}
"platforms.macos-arm64" = { checksum = "sha256:5045f0ff2117f12cb5232d65e01c054eb9ea6b8e2f0f0b80e99fbaa589b581b9", url = "https://github.com/jesseduffield/lazygit/releases/download/v0.60.0/lazygit_0.60.0_darwin_arm64.tar.gz"}
"platforms.macos-x64" = { checksum = "sha256:9210a8bd8bf18537f9d7747361c8eba62518e10e4d5fbfe915cf110635eaab78", url = "https://github.com/jesseduffield/lazygit/releases/download/v0.60.0/lazygit_0.60.0_darwin_x86_64.tar.gz"}
"platforms.macos-x64-baseline" = { checksum = "sha256:9210a8bd8bf18537f9d7747361c8eba62518e10e4d5fbfe915cf110635eaab78", url = "https://github.com/jesseduffield/lazygit/releases/download/v0.60.0/lazygit_0.60.0_darwin_x86_64.tar.gz"}
"platforms.windows-x64" = { checksum = "sha256:435b53165ff4604e201549b9317eb0b8bb5b3f6728be612656988e90c821a9b9", url = "https://github.com/jesseduffield/lazygit/releases/download/v0.60.0/lazygit_0.60.0_windows_x86_64.zip"}
"platforms.windows-x64-baseline" = { checksum = "sha256:435b53165ff4604e201549b9317eb0b8bb5b3f6728be612656988e90c821a9b9", url = "https://github.com/jesseduffield/lazygit/releases/download/v0.60.0/lazygit_0.60.0_windows_x86_64.zip"}

[[tools.neovim]]
version = "0.11.6"
backend = "vfox:mise-plugins/vfox-neovim"
"platforms.linux-arm64" = { url = "https://github.com/neovim/neovim/releases/download/v0.11.6/nvim-linux-arm64.tar.gz"}
"platforms.linux-arm64-musl" = { url = "https://github.com/neovim/neovim/releases/download/v0.11.6/nvim-linux-arm64.tar.gz"}
"platforms.linux-x64" = { url = "https://github.com/neovim/neovim/releases/download/v0.11.6/nvim-linux-x86_64.tar.gz"}
"platforms.linux-x64-baseline" = { url = "https://github.com/neovim/neovim/releases/download/v0.11.6/nvim-linux-x86_64.tar.gz"}
"platforms.linux-x64-musl" = { url = "https://github.com/neovim/neovim/releases/download/v0.11.6/nvim-linux-x86_64.tar.gz"}
"platforms.linux-x64-musl-baseline" = { url = "https://github.com/neovim/neovim/releases/download/v0.11.6/nvim-linux-x86_64.tar.gz"}
"platforms.macos-arm64" = { url = "https://github.com/neovim/neovim/releases/download/v0.11.6/nvim-macos-arm64.tar.gz"}
"platforms.macos-x64" = { url = "https://github.com/neovim/neovim/releases/download/v0.11.6/nvim-macos-x86_64.tar.gz"}
"platforms.macos-x64-baseline" = { url = "https://github.com/neovim/neovim/releases/download/v0.11.6/nvim-macos-x86_64.tar.gz"}
"platforms.windows-x64" = { url = "https://github.com/neovim/neovim/releases/download/v0.11.6/nvim-win64.zip"}
"platforms.windows-x64-baseline" = { url = "https://github.com/neovim/neovim/releases/download/v0.11.6/nvim-win64.zip"}

[[tools.node]]
version = "24.14.0"
backend = "core:node"
"platforms.linux-arm64" = { checksum = "sha256:f44740cd218de8127f1c44c41510a3a740fa5c9c8d1cdce1c3bedada79f3cde7", url = "https://nodejs.org/dist/v24.14.0/node-v24.14.0-linux-arm64.tar.gz"}
"platforms.linux-arm64-musl" = { checksum = "sha256:f44740cd218de8127f1c44c41510a3a740fa5c9c8d1cdce1c3bedada79f3cde7", url = "https://nodejs.org/dist/v24.14.0/node-v24.14.0-linux-arm64.tar.gz"}
"platforms.linux-x64" = { checksum = "sha256:dbf5b8665dec15e59e6359a517fefb47b23fdb9152d8def975b9bca3dfc6d355", url = "https://nodejs.org/dist/v24.14.0/node-v24.14.0-linux-x64.tar.gz"}
"platforms.linux-x64-baseline" = { checksum = "sha256:dbf5b8665dec15e59e6359a517fefb47b23fdb9152d8def975b9bca3dfc6d355", url = "https://nodejs.org/dist/v24.14.0/node-v24.14.0-linux-x64.tar.gz"}
"platforms.linux-x64-musl" = { checksum = "sha256:dbf5b8665dec15e59e6359a517fefb47b23fdb9152d8def975b9bca3dfc6d355", url = "https://nodejs.org/dist/v24.14.0/node-v24.14.0-linux-x64.tar.gz"}
"platforms.linux-x64-musl-baseline" = { checksum = "sha256:dbf5b8665dec15e59e6359a517fefb47b23fdb9152d8def975b9bca3dfc6d355", url = "https://nodejs.org/dist/v24.14.0/node-v24.14.0-linux-x64.tar.gz"}
"platforms.macos-arm64" = { checksum = "sha256:a1a54f46a750d2523d628d924aab61758a51c9dad3e0238beb14141be9615dd3", url = "https://nodejs.org/dist/v24.14.0/node-v24.14.0-darwin-arm64.tar.gz"}
"platforms.macos-x64" = { checksum = "sha256:f2879eb810e25993a0578e5d878930266fd2eafcffe9f2839b3d8db354d4879e", url = "https://nodejs.org/dist/v24.14.0/node-v24.14.0-darwin-x64.tar.gz"}
"platforms.macos-x64-baseline" = { checksum = "sha256:f2879eb810e25993a0578e5d878930266fd2eafcffe9f2839b3d8db354d4879e", url = "https://nodejs.org/dist/v24.14.0/node-v24.14.0-darwin-x64.tar.gz"}
"platforms.windows-x64" = { checksum = "sha256:313fa40c0d7b18575821de8cb17483031fe07d95de5994f6f435f3b345f85c66", url = "https://nodejs.org/dist/v24.14.0/node-v24.14.0-win-x64.zip"}
"platforms.windows-x64-baseline" = { checksum = "sha256:313fa40c0d7b18575821de8cb17483031fe07d95de5994f6f435f3b345f85c66", url = "https://nodejs.org/dist/v24.14.0/node-v24.14.0-win-x64.zip"}

[[tools."npm:@vudovn/ag-kit"]]
version = "2.0.2"
backend = "npm:@vudovn/ag-kit"

[[tools."npm:nx"]]
version = "22.5.4"
backend = "npm:nx"

[[tools."npm:ocx"]]
version = "2.0.0"
backend = "npm:ocx"

[[tools."npm:turbo"]]
version = "2.8.17"
backend = "npm:turbo"

[[tools.opencode]]
version = "1.2.26"
backend = "aqua:anomalyco/opencode"
"platforms.linux-arm64" = { checksum = "sha256:c2f387dcef451379eedd51702c029b190667a9cf7069037d9d19f258b059a61c", url = "https://github.com/anomalyco/opencode/releases/download/v1.2.26/opencode-linux-arm64.tar.gz"}
"platforms.linux-arm64-musl" = { checksum = "sha256:c2f387dcef451379eedd51702c029b190667a9cf7069037d9d19f258b059a61c", url = "https://github.com/anomalyco/opencode/releases/download/v1.2.26/opencode-linux-arm64.tar.gz"}
"platforms.linux-x64" = { checksum = "sha256:3c7a6dd1dc46e3e39a60e0e2f371176fbf3d9681e29b670991491f1172062454", url = "https://github.com/anomalyco/opencode/releases/download/v1.2.26/opencode-linux-x64.tar.gz"}
"platforms.linux-x64-baseline" = { checksum = "sha256:3c7a6dd1dc46e3e39a60e0e2f371176fbf3d9681e29b670991491f1172062454", url = "https://github.com/anomalyco/opencode/releases/download/v1.2.26/opencode-linux-x64.tar.gz"}
"platforms.linux-x64-musl" = { checksum = "sha256:3c7a6dd1dc46e3e39a60e0e2f371176fbf3d9681e29b670991491f1172062454", url = "https://github.com/anomalyco/opencode/releases/download/v1.2.26/opencode-linux-x64.tar.gz"}
"platforms.linux-x64-musl-baseline" = { checksum = "sha256:3c7a6dd1dc46e3e39a60e0e2f371176fbf3d9681e29b670991491f1172062454", url = "https://github.com/anomalyco/opencode/releases/download/v1.2.26/opencode-linux-x64.tar.gz"}
"platforms.macos-arm64" = { checksum = "sha256:214b97f623f870478468aad2be159544ab312f3354b23402c75ae8853de3e821", url = "https://github.com/anomalyco/opencode/releases/download/v1.2.26/opencode-darwin-arm64.zip"}
"platforms.macos-x64" = { checksum = "sha256:950c9918df4c923f6b9e9842f81974fd341bfbf793fda768119c4d17159cdc87", url = "https://github.com/anomalyco/opencode/releases/download/v1.2.26/opencode-darwin-x64.zip"}
"platforms.macos-x64-baseline" = { checksum = "sha256:950c9918df4c923f6b9e9842f81974fd341bfbf793fda768119c4d17159cdc87", url = "https://github.com/anomalyco/opencode/releases/download/v1.2.26/opencode-darwin-x64.zip"}
"platforms.windows-x64" = { checksum = "sha256:4cdd79773a21a73847e1024ba689d305cdc96e8100729bd89bca4cf1fd5b8256", url = "https://github.com/anomalyco/opencode/releases/download/v1.2.26/opencode-windows-x64.zip"}
"platforms.windows-x64-baseline" = { checksum = "sha256:4cdd79773a21a73847e1024ba689d305cdc96e8100729bd89bca4cf1fd5b8256", url = "https://github.com/anomalyco/opencode/releases/download/v1.2.26/opencode-windows-x64.zip"}

[[tools.pnpm]]
version = "10.32.1"
backend = "aqua:pnpm/pnpm"
"platforms.linux-arm64" = { checksum = "sha256:c0db0b837971fde6f9781af8914e54eb163721193a36d35cbcf1794b3474a407", url = "https://github.com/pnpm/pnpm/releases/download/v10.32.1/pnpm-linux-arm64"}
"platforms.linux-arm64-musl" = { checksum = "sha256:c0db0b837971fde6f9781af8914e54eb163721193a36d35cbcf1794b3474a407", url = "https://github.com/pnpm/pnpm/releases/download/v10.32.1/pnpm-linux-arm64"}
"platforms.linux-x64" = { checksum = "sha256:c5607a86bfb948297e96b393a53c90107766fe56329e62967b1f239d861d4363", url = "https://github.com/pnpm/pnpm/releases/download/v10.32.1/pnpm-linux-x64"}
"platforms.linux-x64-baseline" = { checksum = "sha256:c5607a86bfb948297e96b393a53c90107766fe56329e62967b1f239d861d4363", url = "https://github.com/pnpm/pnpm/releases/download/v10.32.1/pnpm-linux-x64"}
"platforms.linux-x64-musl" = { checksum = "sha256:c5607a86bfb948297e96b393a53c90107766fe56329e62967b1f239d861d4363", url = "https://github.com/pnpm/pnpm/releases/download/v10.32.1/pnpm-linux-x64"}
"platforms.linux-x64-musl-baseline" = { checksum = "sha256:c5607a86bfb948297e96b393a53c90107766fe56329e62967b1f239d861d4363", url = "https://github.com/pnpm/pnpm/releases/download/v10.32.1/pnpm-linux-x64"}
"platforms.macos-arm64" = { checksum = "sha256:b0904b4e0cf36704fcdc24bcdb5f03388799a631510d1fb0d459ea69c7b1e2d9", url = "https://github.com/pnpm/pnpm/releases/download/v10.32.1/pnpm-macos-arm64"}
"platforms.macos-x64" = { checksum = "sha256:8b83277343bbc400fdb90608bd51b4f56e380e6624ac5fd0e11d6c08815e3f04", url = "https://github.com/pnpm/pnpm/releases/download/v10.32.1/pnpm-macos-x64"}
"platforms.macos-x64-baseline" = { checksum = "sha256:8b83277343bbc400fdb90608bd51b4f56e380e6624ac5fd0e11d6c08815e3f04", url = "https://github.com/pnpm/pnpm/releases/download/v10.32.1/pnpm-macos-x64"}
"platforms.windows-x64" = { checksum = "sha256:849141504c83bcd08a3d84dc20d43cff2584d672138d28c33ad62bdac809e7f2", url = "https://github.com/pnpm/pnpm/releases/download/v10.32.1/pnpm-win-x64.exe"}
"platforms.windows-x64-baseline" = { checksum = "sha256:849141504c83bcd08a3d84dc20d43cff2584d672138d28c33ad62bdac809e7f2", url = "https://github.com/pnpm/pnpm/releases/download/v10.32.1/pnpm-win-x64.exe"}
